{
  "version": 4,
  "terraform_version": "0.12.8",
  "serial": 1299,
  "lineage": "1b3522e1-13e3-a19f-9d58-faa57b3e99a0",
  "outputs": {
    "leader_node_ipv4": {
      "value": "167.71.122.150",
      "type": "string"
    },
    "leader_node_name": {
      "value": "cluster-834f4b866268666f",
      "type": "string"
    },
    "node_2_ipv4": {
      "value": "157.245.177.5",
      "type": "string"
    },
    "node_2_name": {
      "value": "cluster-1c11fe527202d2a2",
      "type": "string"
    },
    "node_3_ipv4": {
      "value": "167.71.118.144",
      "type": "string"
    },
    "node_3_name": {
      "value": "cluster-c7b99b47dd2e6e65",
      "type": "string"
    }
  },
  "resources": [
    {
      "mode": "managed",
      "type": "digitalocean_domain",
      "name": "cluster_domain",
      "provider": "provider.digitalocean",
      "instances": [
        {
          "schema_version": 0,
          "attributes": {
            "id": "flynn.tamayo.xyz",
            "ip_address": null,
            "name": "flynn.tamayo.xyz",
            "urn": "do:domain:flynn.tamayo.xyz"
          },
          "private": "bnVsbA=="
        }
      ]
    },
    {
      "mode": "managed",
      "type": "digitalocean_droplet",
      "name": "leader_node",
      "provider": "provider.digitalocean",
      "instances": [
        {
          "schema_version": 1,
          "attributes": {
            "backups": true,
            "created_at": "2019-09-18T22:43:28Z",
            "disk": 40,
            "id": "159425402",
            "image": "ubuntu-16-04-x64",
            "ipv4_address": "167.71.122.150",
            "ipv4_address_private": "10.138.59.56",
            "ipv6": true,
            "ipv6_address": "2604:a880:2:d1::8f:f001",
            "ipv6_address_private": null,
            "locked": false,
            "memory": 2048,
            "monitoring": false,
            "name": "cluster-834f4b866268666f",
            "price_hourly": 0.02976,
            "price_monthly": 20,
            "private_networking": true,
            "region": "sfo2",
            "resize_disk": true,
            "size": "2gb",
            "ssh_keys": null,
            "status": "active",
            "tags": [
              "cluster-v2"
            ],
            "urn": "do:droplet:159425402",
            "user_data": "b37e69acda8ac460823aade3d653a3052a1ddbd8",
            "vcpus": 2,
            "volume_ids": []
          },
          "private": "eyJzY2hlbWFfdmVyc2lvbiI6IjEifQ==",
          "depends_on": [
            "digitalocean_tag.cluster",
            "random_id.leader_node_id"
          ]
        }
      ]
    },
    {
      "mode": "managed",
      "type": "digitalocean_droplet",
      "name": "node_2",
      "provider": "provider.digitalocean",
      "instances": [
        {
          "schema_version": 1,
          "attributes": {
            "backups": true,
            "created_at": "2019-09-18T22:43:28Z",
            "disk": 40,
            "id": "159425401",
            "image": "ubuntu-16-04-x64",
            "ipv4_address": "157.245.177.5",
            "ipv4_address_private": "10.138.219.101",
            "ipv6": true,
            "ipv6_address": "2604:a880:2:d1::7b:4001",
            "ipv6_address_private": null,
            "locked": false,
            "memory": 2048,
            "monitoring": false,
            "name": "cluster-1c11fe527202d2a2",
            "price_hourly": 0.02976,
            "price_monthly": 20,
            "private_networking": true,
            "region": "sfo2",
            "resize_disk": true,
            "size": "2gb",
            "ssh_keys": null,
            "status": "active",
            "tags": [
              "cluster-v2"
            ],
            "urn": "do:droplet:159425401",
            "user_data": "b37e69acda8ac460823aade3d653a3052a1ddbd8",
            "vcpus": 2,
            "volume_ids": []
          },
          "private": "eyJzY2hlbWFfdmVyc2lvbiI6IjEifQ==",
          "depends_on": [
            "digitalocean_tag.cluster",
            "random_id.node_2_id"
          ]
        }
      ]
    },
    {
      "mode": "managed",
      "type": "digitalocean_droplet",
      "name": "node_3",
      "provider": "provider.digitalocean",
      "instances": [
        {
          "schema_version": 1,
          "attributes": {
            "backups": true,
            "created_at": "2019-09-18T22:43:28Z",
            "disk": 40,
            "id": "159425400",
            "image": "ubuntu-16-04-x64",
            "ipv4_address": "167.71.118.144",
            "ipv4_address_private": "10.138.219.91",
            "ipv6": true,
            "ipv6_address": "2604:a880:2:d1::90:4001",
            "ipv6_address_private": null,
            "locked": false,
            "memory": 2048,
            "monitoring": false,
            "name": "cluster-c7b99b47dd2e6e65",
            "price_hourly": 0.02976,
            "price_monthly": 20,
            "private_networking": true,
            "region": "sfo2",
            "resize_disk": true,
            "size": "2gb",
            "ssh_keys": null,
            "status": "active",
            "tags": [
              "cluster-v2"
            ],
            "urn": "do:droplet:159425400",
            "user_data": "b37e69acda8ac460823aade3d653a3052a1ddbd8",
            "vcpus": 2,
            "volume_ids": []
          },
          "private": "eyJzY2hlbWFfdmVyc2lvbiI6IjEifQ==",
          "depends_on": [
            "digitalocean_tag.cluster",
            "random_id.node_3_id"
          ]
        }
      ]
    },
    {
      "mode": "managed",
      "type": "digitalocean_firewall",
      "name": "flynn_firewall",
      "provider": "provider.digitalocean",
      "instances": [
        {
          "schema_version": 0,
          "attributes": {
            "created_at": null,
            "droplet_ids": null,
            "id": "7fbba629-07f1-4314-a524-66664ee83915",
            "inbound_rule": [
              {
                "port_range": "1-65535",
                "protocol": "tcp",
                "source_addresses": [],
                "source_droplet_ids": [],
                "source_load_balancer_uids": [],
                "source_tags": [
                  "cluster-v2"
                ]
              },
              {
                "port_range": "1-65535",
                "protocol": "udp",
                "source_addresses": [],
                "source_droplet_ids": [],
                "source_load_balancer_uids": [],
                "source_tags": [
                  "cluster-v2"
                ]
              },
              {
                "port_range": "22",
                "protocol": "tcp",
                "source_addresses": [
                  "0.0.0.0/0",
                  "::/0"
                ],
                "source_droplet_ids": [],
                "source_load_balancer_uids": [],
                "source_tags": []
              },
              {
                "port_range": "3000-3500",
                "protocol": "tcp",
                "source_addresses": [
                  "0.0.0.0/0",
                  "::/0"
                ],
                "source_droplet_ids": [],
                "source_load_balancer_uids": [],
                "source_tags": []
              },
              {
                "port_range": "443",
                "protocol": "tcp",
                "source_addresses": [
                  "0.0.0.0/0",
                  "::/0"
                ],
                "source_droplet_ids": [],
                "source_load_balancer_uids": [],
                "source_tags": []
              },
              {
                "port_range": "80",
                "protocol": "tcp",
                "source_addresses": [
                  "0.0.0.0/0",
                  "::/0"
                ],
                "source_droplet_ids": [],
                "source_load_balancer_uids": [],
                "source_tags": []
              }
            ],
            "name": "flynn-recommended-firewall-with-ssh",
            "outbound_rule": [
              {
                "destination_addresses": [
                  "0.0.0.0/0",
                  "::/0"
                ],
                "destination_droplet_ids": [],
                "destination_load_balancer_uids": [],
                "destination_tags": [],
                "port_range": "",
                "protocol": "icmp"
              },
              {
                "destination_addresses": [
                  "0.0.0.0/0",
                  "::/0"
                ],
                "destination_droplet_ids": [],
                "destination_load_balancer_uids": [],
                "destination_tags": [],
                "port_range": "443",
                "protocol": "tcp"
              },
              {
                "destination_addresses": [
                  "0.0.0.0/0",
                  "::/0"
                ],
                "destination_droplet_ids": [],
                "destination_load_balancer_uids": [],
                "destination_tags": [],
                "port_range": "53",
                "protocol": "tcp"
              },
              {
                "destination_addresses": [
                  "0.0.0.0/0",
                  "::/0"
                ],
                "destination_droplet_ids": [],
                "destination_load_balancer_uids": [],
                "destination_tags": [],
                "port_range": "53",
                "protocol": "udp"
              },
              {
                "destination_addresses": [
                  "0.0.0.0/0",
                  "::/0"
                ],
                "destination_droplet_ids": [],
                "destination_load_balancer_uids": [],
                "destination_tags": [],
                "port_range": "80",
                "protocol": "tcp"
              },
              {
                "destination_addresses": [],
                "destination_droplet_ids": [],
                "destination_load_balancer_uids": [],
                "destination_tags": [
                  "cluster-v2"
                ],
                "port_range": "1-65535",
                "protocol": "tcp"
              },
              {
                "destination_addresses": [],
                "destination_droplet_ids": [],
                "destination_load_balancer_uids": [],
                "destination_tags": [
                  "cluster-v2"
                ],
                "port_range": "1-65535",
                "protocol": "udp"
              }
            ],
            "pending_changes": [],
            "status": "succeeded",
            "tags": [
              "cluster-v2"
            ]
          },
          "private": "bnVsbA==",
          "depends_on": [
            "digitalocean_tag.cluster"
          ]
        }
      ]
    },
    {
      "mode": "managed",
      "type": "digitalocean_record",
      "name": "cluster_domain_a1",
      "provider": "provider.digitalocean",
      "instances": [
        {
          "schema_version": 0,
          "attributes": {
            "domain": "flynn.tamayo.xyz",
            "flags": 0,
            "fqdn": "@.flynn.tamayo.xyz",
            "id": "79371124",
            "name": "@",
            "port": 0,
            "priority": 0,
            "tag": "",
            "ttl": 1800,
            "type": "A",
            "value": "167.71.122.150",
            "weight": 0
          },
          "private": "bnVsbA==",
          "depends_on": [
            "digitalocean_domain.cluster_domain",
            "digitalocean_droplet.leader_node"
          ]
        }
      ]
    },
    {
      "mode": "managed",
      "type": "digitalocean_record",
      "name": "cluster_domain_a2",
      "provider": "provider.digitalocean",
      "instances": [
        {
          "schema_version": 0,
          "attributes": {
            "domain": "flynn.tamayo.xyz",
            "flags": 0,
            "fqdn": "@.flynn.tamayo.xyz",
            "id": "79371123",
            "name": "@",
            "port": 0,
            "priority": 0,
            "tag": "",
            "ttl": 1800,
            "type": "A",
            "value": "157.245.177.5",
            "weight": 0
          },
          "private": "bnVsbA==",
          "depends_on": [
            "digitalocean_domain.cluster_domain",
            "digitalocean_droplet.node_2"
          ]
        }
      ]
    },
    {
      "mode": "managed",
      "type": "digitalocean_record",
      "name": "cluster_domain_a3",
      "provider": "provider.digitalocean",
      "instances": [
        {
          "schema_version": 0,
          "attributes": {
            "domain": "flynn.tamayo.xyz",
            "flags": 0,
            "fqdn": "@.flynn.tamayo.xyz",
            "id": "79371118",
            "name": "@",
            "port": 0,
            "priority": 0,
            "tag": "",
            "ttl": 1800,
            "type": "A",
            "value": "167.71.118.144",
            "weight": 0
          },
          "private": "bnVsbA==",
          "depends_on": [
            "digitalocean_domain.cluster_domain",
            "digitalocean_droplet.node_3"
          ]
        }
      ]
    },
    {
      "mode": "managed",
      "type": "digitalocean_record",
      "name": "cluster_domain_wildcard",
      "provider": "provider.digitalocean",
      "instances": [
        {
          "schema_version": 0,
          "attributes": {
            "domain": "flynn.tamayo.xyz",
            "flags": 0,
            "fqdn": "*.flynn.tamayo.xyz",
            "id": "79371105",
            "name": "*",
            "port": 0,
            "priority": 0,
            "tag": "",
            "ttl": 1800,
            "type": "CNAME",
            "value": "@",
            "weight": 0
          },
          "private": "bnVsbA==",
          "depends_on": [
            "digitalocean_domain.cluster_domain"
          ]
        }
      ]
    },
    {
      "mode": "managed",
      "type": "digitalocean_tag",
      "name": "cluster",
      "provider": "provider.digitalocean",
      "instances": [
        {
          "schema_version": 0,
          "attributes": {
            "id": "cluster-v2",
            "name": "cluster-v2"
          },
          "private": "bnVsbA=="
        }
      ]
    },
    {
      "mode": "managed",
      "type": "random_id",
      "name": "leader_node_id",
      "provider": "provider.random",
      "instances": [
        {
          "schema_version": 0,
          "attributes": {
            "b64": "g09LhmJoZm8",
            "b64_std": "g09LhmJoZm8=",
            "b64_url": "g09LhmJoZm8",
            "byte_length": 8,
            "dec": "9461864382677411439",
            "hex": "834f4b866268666f",
            "id": "g09LhmJoZm8",
            "keepers": null,
            "prefix": null
          },
          "private": "bnVsbA=="
        }
      ]
    },
    {
      "mode": "managed",
      "type": "random_id",
      "name": "node_2_id",
      "provider": "provider.random",
      "instances": [
        {
          "schema_version": 0,
          "attributes": {
            "b64": "HBH-UnIC0qI",
            "b64_std": "HBH+UnIC0qI=",
            "b64_url": "HBH-UnIC0qI",
            "byte_length": 8,
            "dec": "2022677337719624354",
            "hex": "1c11fe527202d2a2",
            "id": "HBH-UnIC0qI",
            "keepers": null,
            "prefix": null
          },
          "private": "bnVsbA=="
        }
      ]
    },
    {
      "mode": "managed",
      "type": "random_id",
      "name": "node_3_id",
      "provider": "provider.random",
      "instances": [
        {
          "schema_version": 0,
          "attributes": {
            "b64": "x7mbR90ubmU",
            "b64_std": "x7mbR90ubmU=",
            "b64_url": "x7mbR90ubmU",
            "byte_length": 8,
            "dec": "14391704817194921573",
            "hex": "c7b99b47dd2e6e65",
            "id": "x7mbR90ubmU",
            "keepers": null,
            "prefix": null
          },
          "private": "bnVsbA=="
        }
      ]
    }
  ]
}
